github.com/bep/docuapi v1.2.0 h1:GMkNgLKQBk477KPzf3coN4JuV/avo9LgxSQxC2iSdjw=
github.com/bep/docuapi v1.2.0/go.mod h1:76bSwLPkSp01/AdZwiBe6bV4ZWv+3lrqFYiEDc1z7zg=
github.com/commitsar-app/commitsar v0.1.2 h1:oZPC9Zmf3PdndbMXyzg/cR/XqbNrom6AM9MQIDIIiE8=
github.com/commitsar-app/commitsar v0.2.0 h1:ms96WokQWm2/pYex9c6uc50p6hoes4cbPJjLDKTG/2s=
github.com/lord/slate v2.3.1+incompatible/go.mod h1:ujwDH+XJN1hPpN4JfN8Cp65e5jk3DGf+Jz0/nbJxoUM=
